
Microsoft Visual Studio Solution File, Format Version 12.00
# Visual Studio Version 17
VisualStudioVersion = 17.3.32929.385
MinimumVisualStudioVersion = 10.0.40219.1
Project("{FAE04EC0-301F-11D3-BF4B-00C04F79EFBC}") = "PincodeAndEmailProblems", "PincodeAndEmailProblems.csproj", "{61F772FF-B465-4360-8BA5-AB00D6150895}"
EndProject
Global
	GlobalSection(SolutionConfigurationPlatforms) = preSolution
		Debug|Any CPU = Debug|Any CPU
		Release|Any CPU = Release|Any CPU
	EndGlobalSection
	GlobalSection(ProjectConfigurationPlatforms) = postSolution
		{61F772FF-B465-4360-8BA5-AB00D6150895}.Debug|Any CPU.ActiveCfg = Debug|Any CPU
		{61F772FF-B465-4360-8BA5-AB00D6150895}.Debug|Any CPU.Build.0 = Debug|Any CPU
		{61F772FF-B465-4360-8BA5-AB00D6150895}.Release|Any CPU.ActiveCfg = Release|Any CPU
		{61F772FF-B465-4360-8BA5-AB00D6150895}.Release|Any CPU.Build.0 = Release|Any CPU
	EndGlobalSection
	GlobalSection(SolutionProperties) = preSolution
		HideSolutionNode = FALSE
	EndGlobalSection
	GlobalSection(ExtensibilityGlobals) = postSolution
		SolutionGuid = {4F5BAC79-D236-4772-8360-2264692949EF}
	EndGlobalSection
EndGlobal
